{
  "name": "spring-boot",
  "lockfileVersion": 2,
  "requires": true,
  "packages": {
    "": {
      "devDependencies": {
        "@soul-rat/standard-version-updater-pom": "^1.1.0"
      }
    },
    "node_modules/@soul-rat/standard-version-updater-pom": {
      "version": "1.1.0",
      "resolved": "https://registry.npmmirror.com/@soul-rat/standard-version-updater-pom/download/@soul-rat/standard-version-updater-pom-1.1.0.tgz",
      "integrity": "sha512-yhxpIOsdcZOt9sX0SGQaXeBujYfhdUiLDFtuTrO5Gcd3sLFlmPjEa/8AeMEcx46/Nzt+O6/bMAOj6GO4GeL3zQ==",
      "dev": true
    }
  },
  "dependencies": {
    "@soul-rat/standard-version-updater-pom": {
      "version": "1.1.0",
      "resolved": "https://registry.npmmirror.com/@soul-rat/standard-version-updater-pom/download/@soul-rat/standard-version-updater-pom-1.1.0.tgz",
      "integrity": "sha512-yhxpIOsdcZOt9sX0SGQaXeBujYfhdUiLDFtuTrO5Gcd3sLFlmPjEa/8AeMEcx46/Nzt+O6/bMAOj6GO4GeL3zQ==",
      "dev": true
    }
  }
}
